
Microsoft Visual Studio Solution File, Format Version 12.00
# Visual Studio Version 16
VisualStudioVersion = 16.0.31424.327
MinimumVisualStudioVersion = 10.0.40219.1
Project("{FAE04EC0-301F-11D3-BF4B-00C04F79EFBC}") = "BRP-6", "BRP-6\BRP-6.csproj", "{FE0AD4E3-3D60-4841-BAEA-F2AE127258B0}"
EndProject
Global
	GlobalSection(SolutionConfigurationPlatforms) = preSolution
		Debug|Any CPU = Debug|Any CPU
		Release|Any CPU = Release|Any CPU
	EndGlobalSection
	GlobalSection(ProjectConfigurationPlatforms) = postSolution
		{FE0AD4E3-3D60-4841-BAEA-F2AE127258B0}.Debug|Any CPU.ActiveCfg = Debug|Any CPU
		{FE0AD4E3-3D60-4841-BAEA-F2AE127258B0}.Debug|Any CPU.Build.0 = Debug|Any CPU
		{FE0AD4E3-3D60-4841-BAEA-F2AE127258B0}.Release|Any CPU.ActiveCfg = Release|Any CPU
		{FE0AD4E3-3D60-4841-BAEA-F2AE127258B0}.Release|Any CPU.Build.0 = Release|Any CPU
	EndGlobalSection
	GlobalSection(SolutionProperties) = preSolution
		HideSolutionNode = FALSE
	EndGlobalSection
	GlobalSection(ExtensibilityGlobals) = postSolution
		SolutionGuid = {60B0A35E-CB67-4AC2-A6C7-DF5B3C157278}
	EndGlobalSection
EndGlobal
